// !$*UTF8*$!
{
	archiveVersion = 1;
	classes = {
	};
	objectVersion = 51;
	objects = {

/* Begin PBXBuildFile section */
		236AC9EA87645FB4E68D5E69 /* Pods_MVCProject1105.framework in Frameworks */ = {isa = PBXBuildFile; fileRef = CBEF09368C30F71DCDB5D564 /* Pods_MVCProject1105.framework */; };
		7223D97D255911D300E5C06C /* PostCell.swift in Sources */ = {isa = PBXBuildFile; fileRef = 7223D97C255911D300E5C06C /* PostCell.swift */; };
		726251A5255A66F0001738BD /* TitleBarItemView.swift in Sources */ = {isa = PBXBuildFile; fileRef = 726251A4255A66F0001738BD /* TitleBarItemView.swift */; };
		7290E5932553FEF600718CF9 /* TourInfo.swift in Sources */ = {isa = PBXBuildFile; fileRef = 7290E5922553FEF600718CF9 /* TourInfo.swift */; };
		72F9F4CB2553FADF009F8644 /* AppDelegate.swift in Sources */ = {isa = PBXBuildFile; fileRef = 72F9F4CA2553FADF009F8644 /* AppDelegate.swift */; };
		72F9F4CF2553FADF009F8644 /* ViewController.swift in Sources */ = {isa = PBXBuildFile; fileRef = 72F9F4CE2553FADF009F8644 /* ViewController.swift */; };
		72F9F4D42553FAE1009F8644 /* Assets.xcassets in Resources */ = {isa = PBXBuildFile; fileRef = 72F9F4D32553FAE1009F8644 /* Assets.xcassets */; };
		72F9F4D72553FAE1009F8644 /* LaunchScreen.storyboard in Resources */ = {isa = PBXBuildFile; fileRef = 72F9F4D52553FAE1009F8644 /* LaunchScreen.storyboard */; };
		72F9F4E12553FAFF009F8644 /* SplashView.swift in Sources */ = {isa = PBXBuildFile; fileRef = 72F9F4E02553FAFF009F8644 /* SplashView.swift */; };
		72F9F4E52553FB0E009F8644 /* ListView.swift in Sources */ = {isa = PBXBuildFile; fileRef = 72F9F4E42553FB0E009F8644 /* ListView.swift */; };
		72F9F4E92553FB2E009F8644 /* SplashController.swift in Sources */ = {isa = PBXBuildFile; fileRef = 72F9F4E82553FB2E009F8644 /* SplashController.swift */; };
		72F9F4ED2553FB3D009F8644 /* ListController.swift in Sources */ = {isa = PBXBuildFile; fileRef = 72F9F4EC2553FB3D009F8644 /* ListController.swift */; };
		72F9F4F12553FB64009F8644 /* ListModel.swift in Sources */ = {isa = PBXBuildFile; fileRef = 72F9F4F02553FB64009F8644 /* ListModel.swift */; };
/* End PBXBuildFile section */

/* Begin PBXFileReference section */
		7223D97C255911D300E5C06C /* PostCell.swift */ = {isa = PBXFileReference; lastKnownFileType = sourcecode.swift; path = PostCell.swift; sourceTree = "<group>"; };
		726251A4255A66F0001738BD /* TitleBarItemView.swift */ = {isa = PBXFileReference; lastKnownFileType = sourcecode.swift; path = TitleBarItemView.swift; sourceTree = "<group>"; };
		7290E5922553FEF600718CF9 /* TourInfo.swift */ = {isa = PBXFileReference; lastKnownFileType = sourcecode.swift; path = TourInfo.swift; sourceTree = "<group>"; };
		72F9F4C72553FADF009F8644 /* MVCProject1105.app */ = {isa = PBXFileReference; explicitFileType = wrapper.application; includeInIndex = 0; path = MVCProject1105.app; sourceTree = BUILT_PRODUCTS_DIR; };
		72F9F4CA2553FADF009F8644 /* AppDelegate.swift */ = {isa = PBXFileReference; lastKnownFileType = sourcecode.swift; path = AppDelegate.swift; sourceTree = "<group>"; };
		72F9F4CE2553FADF009F8644 /* ViewController.swift */ = {isa = PBXFileReference; lastKnownFileType = sourcecode.swift; path = ViewController.swift; sourceTree = "<group>"; };
		72F9F4D32553FAE1009F8644 /* Assets.xcassets */ = {isa = PBXFileReference; lastKnownFileType = folder.assetcatalog; path = Assets.xcassets; sourceTree = "<group>"; };
		72F9F4D62553FAE1009F8644 /* Base */ = {isa = PBXFileReference; lastKnownFileType = file.storyboard; name = Base; path = Base.lproj/LaunchScreen.storyboard; sourceTree = "<group>"; };
		72F9F4D82553FAE1009F8644 /* Info.plist */ = {isa = PBXFileReference; lastKnownFileType = text.plist.xml; path = Info.plist; sourceTree = "<group>"; };
		72F9F4E02553FAFF009F8644 /* SplashView.swift */ = {isa = PBXFileReference; lastKnownFileType = sourcecode.swift; path = SplashView.swift; sourceTree = "<group>"; };
		72F9F4E42553FB0E009F8644 /* ListView.swift */ = {isa = PBXFileReference; lastKnownFileType = sourcecode.swift; path = ListView.swift; sourceTree = "<group>"; };
		72F9F4E82553FB2E009F8644 /* SplashController.swift */ = {isa = PBXFileReference; lastKnownFileType = sourcecode.swift; path = SplashController.swift; sourceTree = "<group>"; };
		72F9F4EC2553FB3D009F8644 /* ListController.swift */ = {isa = PBXFileReference; lastKnownFileType = sourcecode.swift; path = ListController.swift; sourceTree = "<group>"; };
		72F9F4F02553FB64009F8644 /* ListModel.swift */ = {isa = PBXFileReference; lastKnownFileType = sourcecode.swift; path = ListModel.swift; sourceTree = "<group>"; };
		BA852932581516FE07F044B2 /* Pods-MVCProject1105.release.xcconfig */ = {isa = PBXFileReference; includeInIndex = 1; lastKnownFileType = text.xcconfig; name = "Pods-MVCProject1105.release.xcconfig"; path = "Target Support Files/Pods-MVCProject1105/Pods-MVCProject1105.release.xcconfig"; sourceTree = "<group>"; };
		CBEF09368C30F71DCDB5D564 /* Pods_MVCProject1105.framework */ = {isa = PBXFileReference; explicitFileType = wrapper.framework; includeInIndex = 0; path = Pods_MVCProject1105.framework; sourceTree = BUILT_PRODUCTS_DIR; };
		D315A0C3E269EF25F17F65D2 /* Pods-MVCProject1105.debug.xcconfig */ = {isa = PBXFileReference; includeInIndex = 1; lastKnownFileType = text.xcconfig; name = "Pods-MVCProject1105.debug.xcconfig"; path = "Target Support Files/Pods-MVCProject1105/Pods-MVCProject1105.debug.xcconfig"; sourceTree = "<group>"; };
/* End PBXFileReference section */

/* Begin PBXFrameworksBuildPhase section */
		72F9F4C42553FADF009F8644 /* Frameworks */ = {
			isa = PBXFrameworksBuildPhase;
			buildActionMask = 2147483647;
			files = (
				236AC9EA87645FB4E68D5E69 /* Pods_MVCProject1105.framework in Frameworks */,
			);
			runOnlyForDeploymentPostprocessing = 0;
		};
/* End PBXFrameworksBuildPhase section */

/* Begin PBXGroup section */
		623ACCD97B4BC50497C368FA /* Frameworks */ = {
			isa = PBXGroup;
			children = (
				CBEF09368C30F71DCDB5D564 /* Pods_MVCProject1105.framework */,
			);
			name = Frameworks;
			sourceTree = "<group>";
		};
		7290E5912553FEEB00718CF9 /* entity */ = {
			isa = PBXGroup;
			children = (
				7290E5922553FEF600718CF9 /* TourInfo.swift */,
			);
			path = entity;
			sourceTree = "<group>";
		};
		72F9F4BE2553FADF009F8644 = {
			isa = PBXGroup;
			children = (
				72F9F4C92553FADF009F8644 /* MVCProject1105 */,
				72F9F4C82553FADF009F8644 /* Products */,
				D154A42A7F0B8BA600812310 /* Pods */,
				623ACCD97B4BC50497C368FA /* Frameworks */,
			);
			sourceTree = "<group>";
		};
		72F9F4C82553FADF009F8644 /* Products */ = {
			isa = PBXGroup;
			children = (
				72F9F4C72553FADF009F8644 /* MVCProject1105.app */,
			);
			name = Products;
			sourceTree = "<group>";
		};
		72F9F4C92553FADF009F8644 /* MVCProject1105 */ = {
			isa = PBXGroup;
			children = (
				7290E5912553FEEB00718CF9 /* entity */,
				72F9F4EF2553FB57009F8644 /* model */,
				72F9F4E72553FB19009F8644 /* controller */,
				72F9F4DF2553FAEF009F8644 /* view */,
				72F9F4CA2553FADF009F8644 /* AppDelegate.swift */,
				72F9F4CE2553FADF009F8644 /* ViewController.swift */,
				72F9F4D32553FAE1009F8644 /* Assets.xcassets */,
				72F9F4D52553FAE1009F8644 /* LaunchScreen.storyboard */,
				72F9F4D82553FAE1009F8644 /* Info.plist */,
			);
			path = MVCProject1105;
			sourceTree = "<group>";
		};
		72F9F4DF2553FAEF009F8644 /* view */ = {
			isa = PBXGroup;
			children = (
				72F9F4E02553FAFF009F8644 /* SplashView.swift */,
				72F9F4E42553FB0E009F8644 /* ListView.swift */,
				7223D97C255911D300E5C06C /* PostCell.swift */,
				726251A4255A66F0001738BD /* TitleBarItemView.swift */,
			);
			path = view;
			sourceTree = "<group>";
		};
		72F9F4E72553FB19009F8644 /* controller */ = {
			isa = PBXGroup;
			children = (
				72F9F4E82553FB2E009F8644 /* SplashController.swift */,
				72F9F4EC2553FB3D009F8644 /* ListController.swift */,
			);
			path = controller;
			sourceTree = "<group>";
		};
		72F9F4EF2553FB57009F8644 /* model */ = {
			isa = PBXGroup;
			children = (
				72F9F4F02553FB64009F8644 /* ListModel.swift */,
			);
			path = model;
			sourceTree = "<group>";
		};
		D154A42A7F0B8BA600812310 /* Pods */ = {
			isa = PBXGroup;
			children = (
				D315A0C3E269EF25F17F65D2 /* Pods-MVCProject1105.debug.xcconfig */,
				BA852932581516FE07F044B2 /* Pods-MVCProject1105.release.xcconfig */,
			);
			path = Pods;
			sourceTree = "<group>";
		};
/* End PBXGroup section */

/* Begin PBXNativeTarget section */
		72F9F4C62553FADF009F8644 /* MVCProject1105 */ = {
			isa = PBXNativeTarget;
			buildConfigurationList = 72F9F4DB2553FAE1009F8644 /* Build configuration list for PBXNativeTarget "MVCProject1105" */;
			buildPhases = (
				87D2E7F058E53BC4C99ABE2D /* [CP] Check Pods Manifest.lock */,
				72F9F4C32553FADF009F8644 /* Sources */,
				72F9F4C42553FADF009F8644 /* Frameworks */,
				72F9F4C52553FADF009F8644 /* Resources */,
				898866C6F6369284C334326F /* [CP] Embed Pods Frameworks */,
			);
			buildRules = (
			);
			dependencies = (
			);
			name = MVCProject1105;
			productName = MVCProject1105;
			productReference = 72F9F4C72553FADF009F8644 /* MVCProject1105.app */;
			productType = "com.apple.product-type.application";
		};
/* End PBXNativeTarget section */

/* Begin PBXProject section */
		72F9F4BF2553FADF009F8644 /* Project object */ = {
			isa = PBXProject;
			attributes = {
				LastSwiftUpdateCheck = 1210;
				LastUpgradeCheck = 1210;
				TargetAttributes = {
					72F9F4C62553FADF009F8644 = {
						CreatedOnToolsVersion = 12.1;
					};
				};
			};
			buildConfigurationList = 72F9F4C22553FADF009F8644 /* Build configuration list for PBXProject "MVCProject1105" */;
			compatibilityVersion = "Xcode 9.3";
			developmentRegion = en;
			hasScannedForEncodings = 0;
			knownRegions = (
				en,
				Base,
			);
			mainGroup = 72F9F4BE2553FADF009F8644;
			productRefGroup = 72F9F4C82553FADF009F8644 /* Products */;
			projectDirPath = "";
			projectRoot = "";
			targets = (
				72F9F4C62553FADF009F8644 /* MVCProject1105 */,
			);
		};
/* End PBXProject section */

/* Begin PBXResourcesBuildPhase section */
		72F9F4C52553FADF009F8644 /* Resources */ = {
			isa = PBXResourcesBuildPhase;
			buildActionMask = 2147483647;
			files = (
				72F9F4D72553FAE1009F8644 /* LaunchScreen.storyboard in Resources */,
				72F9F4D42553FAE1009F8644 /* Assets.xcassets in Resources */,
			);
			runOnlyForDeploymentPostprocessing = 0;
		};
/* End PBXResourcesBuildPhase section */

/* Begin PBXShellScriptBuildPhase section */
		87D2E7F058E53BC4C99ABE2D /* [CP] Check Pods Manifest.lock */ = {
			isa = PBXShellScriptBuildPhase;
			buildActionMask = 2147483647;
			files = (
			);
			inputFileListPaths = (
			);
			inputPaths = (
				"${PODS_PODFILE_DIR_PATH}/Podfile.lock",
				"${PODS_ROOT}/Manifest.lock",
			);
			name = "[CP] Check Pods Manifest.lock";
			outputFileListPaths = (
			);
			outputPaths = (
				"$(DERIVED_FILE_DIR)/Pods-MVCProject1105-checkManifestLockResult.txt",
			);
			runOnlyForDeploymentPostprocessing = 0;
			shellPath = /bin/sh;
			shellScript = "diff \"${PODS_PODFILE_DIR_PATH}/Podfile.lock\" \"${PODS_ROOT}/Manifest.lock\" > /dev/null\nif [ $? != 0 ] ; then\n    # print error to STDERR\n    echo \"error: The sandbox is not in sync with the Podfile.lock. Run 'pod install' or update your CocoaPods installation.\" >&2\n    exit 1\nfi\n# This output is used by Xcode 'outputs' to avoid re-running this script phase.\necho \"SUCCESS\" > \"${SCRIPT_OUTPUT_FILE_0}\"\n";
			showEnvVarsInLog = 0;
		};
		898866C6F6369284C334326F /* [CP] Embed Pods Frameworks */ = {
			isa = PBXShellScriptBuildPhase;
			buildActionMask = 2147483647;
			files = (
			);
			inputFileListPaths = (
				"${PODS_ROOT}/Target Support Files/Pods-MVCProject1105/Pods-MVCProject1105-frameworks-${CONFIGURATION}-input-files.xcfilelist",
			);
			name = "[CP] Embed Pods Frameworks";
			outputFileListPaths = (
				"${PODS_ROOT}/Target Support Files/Pods-MVCProject1105/Pods-MVCProject1105-frameworks-${CONFIGURATION}-output-files.xcfilelist",
			);
			runOnlyForDeploymentPostprocessing = 0;
			shellPath = /bin/sh;
			shellScript = "\"${PODS_ROOT}/Target Support Files/Pods-MVCProject1105/Pods-MVCProject1105-frameworks.sh\"\n";
			showEnvVarsInLog = 0;
		};
/* End PBXShellScriptBuildPhase section */

/* Begin PBXSourcesBuildPhase section */
		72F9F4C32553FADF009F8644 /* Sources */ = {
			isa = PBXSourcesBuildPhase;
			buildActionMask = 2147483647;
			files = (
				72F9F4CF2553FADF009F8644 /* ViewController.swift in Sources */,
				72F9F4E12553FAFF009F8644 /* SplashView.swift in Sources */,
				72F9F4E92553FB2E009F8644 /* SplashController.swift in Sources */,
				72F9F4E52553FB0E009F8644 /* ListView.swift in Sources */,
				7223D97D255911D300E5C06C /* PostCell.swift in Sources */,
				72F9F4CB2553FADF009F8644 /* AppDelegate.swift in Sources */,
				72F9F4ED2553FB3D009F8644 /* ListController.swift in Sources */,
				72F9F4F12553FB64009F8644 /* ListModel.swift in Sources */,
				7290E5932553FEF600718CF9 /* TourInfo.swift in Sources */,
				726251A5255A66F0001738BD /* TitleBarItemView.swift in Sources */,
			);
			runOnlyForDeploymentPostprocessing = 0;
		};
/* End PBXSourcesBuildPhase section */

/* Begin PBXVariantGroup section */
		72F9F4D52553FAE1009F8644 /* LaunchScreen.storyboard */ = {
			isa = PBXVariantGroup;
			children = (
				72F9F4D62553FAE1009F8644 /* Base */,
			);
			name = LaunchScreen.storyboard;
			sourceTree = "<group>";
		};
/* End PBXVariantGroup section */

/* Begin XCBuildConfiguration section */
		72F9F4D92553FAE1009F8644 /* Debug */ = {
			isa = XCBuildConfiguration;
			buildSettings = {
				ALWAYS_SEARCH_USER_PATHS = NO;
				CLANG_ANALYZER_NONNULL = YES;
				CLANG_ANALYZER_NUMBER_OBJECT_CONVERSION = YES_AGGRESSIVE;
				CLANG_CXX_LANGUAGE_STANDARD = "gnu++14";
				CLANG_CXX_LIBRARY = "libc++";
				CLANG_ENABLE_MODULES = YES;
				CLANG_ENABLE_OBJC_ARC = YES;
				CLANG_ENABLE_OBJC_WEAK = YES;
				CLANG_WARN_BLOCK_CAPTURE_AUTORELEASING = YES;
				CLANG_WARN_BOOL_CONVERSION = YES;
				CLANG_WARN_COMMA = YES;
				CLANG_WARN_CONSTANT_CONVERSION = YES;
				CLANG_WARN_DEPRECATED_OBJC_IMPLEMENTATIONS = YES;
				CLANG_WARN_DIRECT_OBJC_ISA_USAGE = YES_ERROR;
				CLANG_WARN_DOCUMENTATION_COMMENTS = YES;
				CLANG_WARN_EMPTY_BODY = YES;
				CLANG_WARN_ENUM_CONVERSION = YES;
				CLANG_WARN_INFINITE_RECURSION = YES;
				CLANG_WARN_INT_CONVERSION = YES;
				CLANG_WARN_NON_LITERAL_NULL_CONVERSION = YES;
				CLANG_WARN_OBJC_IMPLICIT_RETAIN_SELF = YES;
				CLANG_WARN_OBJC_LITERAL_CONVERSION = YES;
				CLANG_WARN_OBJC_ROOT_CLASS = YES_ERROR;
				CLANG_WARN_QUOTED_INCLUDE_IN_FRAMEWORK_HEADER = YES;
				CLANG_WARN_RANGE_LOOP_ANALYSIS = YES;
				CLANG_WARN_STRICT_PROTOTYPES = YES;
				CLANG_WARN_SUSPICIOUS_MOVE = YES;
				CLANG_WARN_UNGUARDED_AVAILABILITY = YES_AGGRESSIVE;
				CLANG_WARN_UNREACHABLE_CODE = YES;
				CLANG_WARN__DUPLICATE_METHOD_MATCH = YES;
				COPY_PHASE_STRIP = NO;
				DEBUG_INFORMATION_FORMAT = dwarf;
				ENABLE_STRICT_OBJC_MSGSEND = YES;
				ENABLE_TESTABILITY = YES;
				GCC_C_LANGUAGE_STANDARD = gnu11;
				GCC_DYNAMIC_NO_PIC = NO;
				GCC_NO_COMMON_BLOCKS = YES;
				GCC_OPTIMIZATION_LEVEL = 0;
				GCC_PREPROCESSOR_DEFINITIONS = (
					"DEBUG=1",
					"$(inherited)",
				);
				GCC_WARN_64_TO_32_BIT_CONVERSION = YES;
				GCC_WARN_ABOUT_RETURN_TYPE = YES_ERROR;
				GCC_WARN_UNDECLARED_SELECTOR = YES;
				GCC_WARN_UNINITIALIZED_AUTOS = YES_AGGRESSIVE;
				GCC_WARN_UNUSED_FUNCTION = YES;
				GCC_WARN_UNUSED_VARIABLE = YES;
				IPHONEOS_DEPLOYMENT_TARGET = 14.1;
				MTL_ENABLE_DEBUG_INFO = INCLUDE_SOURCE;
				MTL_FAST_MATH = YES;
				ONLY_ACTIVE_ARCH = YES;
				SDKROOT = iphoneos;
				SWIFT_ACTIVE_COMPILATION_CONDITIONS = DEBUG;
				SWIFT_OPTIMIZATION_LEVEL = "-Onone";
			};
			name = Debug;
		};
		72F9F4DA2553FAE1009F8644 /* Release */ = {
			isa = XCBuildConfiguration;
			buildSettings = {
				ALWAYS_SEARCH_USER_PATHS = NO;
				CLANG_ANALYZER_NONNULL = YES;
				CLANG_ANALYZER_NUMBER_OBJECT_CONVERSION = YES_AGGRESSIVE;
				CLANG_CXX_LANGUAGE_STANDARD = "gnu++14";
				CLANG_CXX_LIBRARY = "libc++";
				CLANG_ENABLE_MODULES = YES;
				CLANG_ENABLE_OBJC_ARC = YES;
				CLANG_ENABLE_OBJC_WEAK = YES;
				CLANG_WARN_BLOCK_CAPTURE_AUTORELEASING = YES;
				CLANG_WARN_BOOL_CONVERSION = YES;
				CLANG_WARN_COMMA = YES;
				CLANG_WARN_CONSTANT_CONVERSION = YES;
				CLANG_WARN_DEPRECATED_OBJC_IMPLEMENTATIONS = YES;
				CLANG_WARN_DIRECT_OBJC_ISA_USAGE = YES_ERROR;
				CLANG_WARN_DOCUMENTATION_COMMENTS = YES;
				CLANG_WARN_EMPTY_BODY = YES;
				CLANG_WARN_ENUM_CONVERSION = YES;
				CLANG_WARN_INFINITE_RECURSION = YES;
				CLANG_WARN_INT_CONVERSION = YES;
				CLANG_WARN_NON_LITERAL_NULL_CONVERSION = YES;
				CLANG_WARN_OBJC_IMPLICIT_RETAIN_SELF = YES;
				CLANG_WARN_OBJC_LITERAL_CONVERSION = YES;
				CLANG_WARN_OBJC_ROOT_CLASS = YES_ERROR;
				CLANG_WARN_QUOTED_INCLUDE_IN_FRAMEWORK_HEADER = YES;
				CLANG_WARN_RANGE_LOOP_ANALYSIS = YES;
				CLANG_WARN_STRICT_PROTOTYPES = YES;
				CLANG_WARN_SUSPICIOUS_MOVE = YES;
				CLANG_WARN_UNGUARDED_AVAILABILITY = YES_AGGRESSIVE;
				CLANG_WARN_UNREACHABLE_CODE = YES;
				CLANG_WARN__DUPLICATE_METHOD_MATCH = YES;
				COPY_PHASE_STRIP = NO;
				DEBUG_INFORMATION_FORMAT = "dwarf-with-dsym";
				ENABLE_NS_ASSERTIONS = NO;
				ENABLE_STRICT_OBJC_MSGSEND = YES;
				GCC_C_LANGUAGE_STANDARD = gnu11;
				GCC_NO_COMMON_BLOCKS = YES;
				GCC_WARN_64_TO_32_BIT_CONVERSION = YES;
				GCC_WARN_ABOUT_RETURN_TYPE = YES_ERROR;
				GCC_WARN_UNDECLARED_SELECTOR = YES;
				GCC_WARN_UNINITIALIZED_AUTOS = YES_AGGRESSIVE;
				GCC_WARN_UNUSED_FUNCTION = YES;
				GCC_WARN_UNUSED_VARIABLE = YES;
				IPHONEOS_DEPLOYMENT_TARGET = 14.1;
				MTL_ENABLE_DEBUG_INFO = NO;
				MTL_FAST_MATH = YES;
				SDKROOT = iphoneos;
				SWIFT_COMPILATION_MODE = wholemodule;
				SWIFT_OPTIMIZATION_LEVEL = "-O";
				VALIDATE_PRODUCT = YES;
			};
			name = Release;
		};
		72F9F4DC2553FAE1009F8644 /* Debug */ = {
			isa = XCBuildConfiguration;
			baseConfigurationReference = D315A0C3E269EF25F17F65D2 /* Pods-MVCProject1105.debug.xcconfig */;
			buildSettings = {
				ASSETCATALOG_COMPILER_APPICON_NAME = AppIcon;
				ASSETCATALOG_COMPILER_GLOBAL_ACCENT_COLOR_NAME = AccentColor;
				CODE_SIGN_STYLE = Automatic;
				DEVELOPMENT_TEAM = LHMNAPQ6N7;
				INFOPLIST_FILE = MVCProject1105/Info.plist;
				LD_RUNPATH_SEARCH_PATHS = (
					"$(inherited)",
					"@executable_path/Frameworks",
				);
				PRODUCT_BUNDLE_IDENTIFIER = practice.MVCProject1105;
				PRODUCT_NAME = "$(TARGET_NAME)";
				SWIFT_VERSION = 5.0;
				TARGETED_DEVICE_FAMILY = "1,2";
			};
			name = Debug;
		};
		72F9F4DD2553FAE1009F8644 /* Release */ = {
			isa = XCBuildConfiguration;
			baseConfigurationReference = BA852932581516FE07F044B2 /* Pods-MVCProject1105.release.xcconfig */;
			buildSettings = {
				ASSETCATALOG_COMPILER_APPICON_NAME = AppIcon;
				ASSETCATALOG_COMPILER_GLOBAL_ACCENT_COLOR_NAME = AccentColor;
				CODE_SIGN_STYLE = Automatic;
				DEVELOPMENT_TEAM = LHMNAPQ6N7;
				INFOPLIST_FILE = MVCProject1105/Info.plist;
				LD_RUNPATH_SEARCH_PATHS = (
					"$(inherited)",
					"@executable_path/Frameworks",
				);
				PRODUCT_BUNDLE_IDENTIFIER = practice.MVCProject1105;
				PRODUCT_NAME = "$(TARGET_NAME)";
				SWIFT_VERSION = 5.0;
				TARGETED_DEVICE_FAMILY = "1,2";
			};
			name = Release;
		};
/* End XCBuildConfiguration section */

/* Begin XCConfigurationList section */
		72F9F4C22553FADF009F8644 /* Build configuration list for PBXProject "MVCProject1105" */ = {
			isa = XCConfigurationList;
			buildConfigurations = (
				72F9F4D92553FAE1009F8644 /* Debug */,
				72F9F4DA2553FAE1009F8644 /* Release */,
			);
			defaultConfigurationIsVisible = 0;
			defaultConfigurationName = Release;
		};
		72F9F4DB2553FAE1009F8644 /* Build configuration list for PBXNativeTarget "MVCProject1105" */ = {
			isa = XCConfigurationList;
			buildConfigurations = (
				72F9F4DC2553FAE1009F8644 /* Debug */,
				72F9F4DD2553FAE1009F8644 /* Release */,
			);
			defaultConfigurationIsVisible = 0;
			defaultConfigurationName = Release;
		};
/* End XCConfigurationList section */
	};
	rootObject = 72F9F4BF2553FADF009F8644 /* Project object */;
}
